{
  "name": "leo-jsonata",
  "version": "1.0.0",
  "lockfileVersion": 3,
  "requires": true,
  "packages": {
    "": {
      "name": "leo-jsonata",
      "version": "1.0.0",
      "license": "ISC",
      "dependencies": {
        "date-fns-tz": "^3.1.3",
        "json-diff": "^1.0.6",
        "jsonata": "^2.0.5"
      }
    },
    "node_modules/@ewoudenberg/difflib": {
      "version": "0.1.0",
      "resolved": "https://registry.npmjs.org/@ewoudenberg/difflib/-/difflib-0.1.0.tgz",
      "integrity": "sha512-OU5P5mJyD3OoWYMWY+yIgwvgNS9cFAU10f+DDuvtogcWQOoJIsQ4Hy2McSfUfhKjq8L0FuWVb4Rt7kgA+XK86A==",
      "dependencies": {
        "heap": ">= 0.2.0"
      }
    },
    "node_modules/colors": {
      "version": "1.4.0",
      "resolved": "https://registry.npmjs.org/colors/-/colors-1.4.0.tgz",
      "integrity": "sha512-a+UqTh4kgZg/SlGvfbzDHpgRu7AAQOmmqRHJnxhRZICKFUT91brVhNNt58CMWU9PsBbv3PDCZUHbVxuDiH2mtA==",
      "license": "MIT",
      "engines": {
        "node": ">=0.1.90"
      }
    },
    "node_modules/date-fns": {
      "version": "3.6.0",
      "resolved": "https://registry.npmjs.org/date-fns/-/date-fns-3.6.0.tgz",
      "integrity": "sha512-fRHTG8g/Gif+kSh50gaGEdToemgfj74aRX3swtiouboip5JDLAyDE9F11nHMIcvOaXeOC6D7SpNhi7uFyB7Uww==",
      "license": "MIT",
      "peer": true,
      "funding": {
        "type": "github",
        "url": "https://github.com/sponsors/kossnocorp"
      }
    },
    "node_modules/date-fns-tz": {
      "version": "3.1.3",
      "resolved": "https://registry.npmjs.org/date-fns-tz/-/date-fns-tz-3.1.3.tgz",
      "integrity": "sha512-ZfbMu+nbzW0mEzC8VZrLiSWvUIaI3aRHeq33mTe7Y38UctKukgqPR4nTDwcwS4d64Gf8GghnVsroBuMY3eiTeA==",
      "license": "MIT",
      "peerDependencies": {
        "date-fns": "^3.0.0"
      }
    },
    "node_modules/dreamopt": {
      "version": "0.8.0",
      "resolved": "https://registry.npmjs.org/dreamopt/-/dreamopt-0.8.0.tgz",
      "integrity": "sha512-vyJTp8+mC+G+5dfgsY+r3ckxlz+QMX40VjPQsZc5gxVAxLmi64TBoVkP54A/pRAXMXsbu2GMMBrZPxNv23waMg==",
      "dependencies": {
        "wordwrap": ">=0.0.2"
      },
      "engines": {
        "node": ">=0.4.0"
      }
    },
    "node_modules/heap": {
      "version": "0.2.7",
      "resolved": "https://registry.npmjs.org/heap/-/heap-0.2.7.tgz",
      "integrity": "sha512-2bsegYkkHO+h/9MGbn6KWcE45cHZgPANo5LXF7EvWdT0yT2EguSVO1nDgU5c8+ZOPwp2vMNa7YFsJhVcDR9Sdg==",
      "license": "MIT"
    },
    "node_modules/json-diff": {
      "version": "1.0.6",
      "resolved": "https://registry.npmjs.org/json-diff/-/json-diff-1.0.6.tgz",
      "integrity": "sha512-tcFIPRdlc35YkYdGxcamJjllUhXWv4n2rK9oJ2RsAzV4FBkuV4ojKEDgcZ+kpKxDmJKv+PFK65+1tVVOnSeEqA==",
      "license": "MIT",
      "dependencies": {
        "@ewoudenberg/difflib": "0.1.0",
        "colors": "^1.4.0",
        "dreamopt": "~0.8.0"
      },
      "bin": {
        "json-diff": "bin/json-diff.js"
      },
      "engines": {
        "node": "*"
      }
    },
    "node_modules/jsonata": {
      "version": "2.0.5",
      "resolved": "https://registry.npmjs.org/jsonata/-/jsonata-2.0.5.tgz",
      "integrity": "sha512-wEse9+QLIIU5IaCgtJCPsFi/H4F3qcikWzF4bAELZiRz08ohfx3Q6CjDRf4ZPF5P/92RI3KIHtb7u3jqPaHXdQ==",
      "license": "MIT",
      "engines": {
        "node": ">= 8"
      }
    },
    "node_modules/wordwrap": {
      "version": "1.0.0",
      "resolved": "https://registry.npmjs.org/wordwrap/-/wordwrap-1.0.0.tgz",
      "integrity": "sha512-gvVzJFlPycKc5dZN4yPkP8w7Dc37BtP1yczEneOb4uq34pXZcvrtRTmWV8W+Ume+XCxKgbjM+nevkyFPMybd4Q==",
      "license": "MIT"
    }
  }
}
